
Microsoft Visual Studio Solution File, Format Version 12.00
# Visual Studio Version 17
VisualStudioVersion = 17.4.33205.214
MinimumVisualStudioVersion = 10.0.40219.1
Project("{FAE04EC0-301F-11D3-BF4B-00C04F79EFBC}") = "example1", "example1.csproj", "{14A4D797-FE72-4AC5-BA44-C4140EBC30A3}"
EndProject
Project("{FAE04EC0-301F-11D3-BF4B-00C04F79EFBC}") = "Example2", "..\Example2\Example2.csproj", "{05F6AB1B-2848-44E1-B4F9-6FC4E964F7E8}"
EndProject
Global
	GlobalSection(SolutionConfigurationPlatforms) = preSolution
		Debug|Any CPU = Debug|Any CPU
		Release|Any CPU = Release|Any CPU
	EndGlobalSection
	GlobalSection(ProjectConfigurationPlatforms) = postSolution
		{14A4D797-FE72-4AC5-BA44-C4140EBC30A3}.Debug|Any CPU.ActiveCfg = Debug|Any CPU
		{14A4D797-FE72-4AC5-BA44-C4140EBC30A3}.Debug|Any CPU.Build.0 = Debug|Any CPU
		{14A4D797-FE72-4AC5-BA44-C4140EBC30A3}.Release|Any CPU.ActiveCfg = Release|Any CPU
		{14A4D797-FE72-4AC5-BA44-C4140EBC30A3}.Release|Any CPU.Build.0 = Release|Any CPU
		{05F6AB1B-2848-44E1-B4F9-6FC4E964F7E8}.Debug|Any CPU.ActiveCfg = Debug|Any CPU
		{05F6AB1B-2848-44E1-B4F9-6FC4E964F7E8}.Debug|Any CPU.Build.0 = Debug|Any CPU
		{05F6AB1B-2848-44E1-B4F9-6FC4E964F7E8}.Release|Any CPU.ActiveCfg = Release|Any CPU
		{05F6AB1B-2848-44E1-B4F9-6FC4E964F7E8}.Release|Any CPU.Build.0 = Release|Any CPU
	EndGlobalSection
	GlobalSection(SolutionProperties) = preSolution
		HideSolutionNode = FALSE
	EndGlobalSection
	GlobalSection(ExtensibilityGlobals) = postSolution
		SolutionGuid = {1A234104-7E4F-4467-B431-F1130840A0C9}
	EndGlobalSection
EndGlobal
